
Microsoft Visual Studio Solution File, Format Version 12.00
# Visual Studio 15
VisualStudioVersion = 15.0.28307.489
MinimumVisualStudioVersion = 10.0.40219.1
Project("{FAE04EC0-301F-11D3-BF4B-00C04F79EFBC}") = "SeminarioLP3", "SeminarioLP3\SeminarioLP3.csproj", "{EFB56E4A-A426-4F26-BF5F-DB242B9C14CB}"
EndProject
Global
	GlobalSection(SolutionConfigurationPlatforms) = preSolution
		Debug|Any CPU = Debug|Any CPU
		Release|Any CPU = Release|Any CPU
	EndGlobalSection
	GlobalSection(ProjectConfigurationPlatforms) = postSolution
		{EFB56E4A-A426-4F26-BF5F-DB242B9C14CB}.Debug|Any CPU.ActiveCfg = Debug|Any CPU
		{EFB56E4A-A426-4F26-BF5F-DB242B9C14CB}.Debug|Any CPU.Build.0 = Debug|Any CPU
		{EFB56E4A-A426-4F26-BF5F-DB242B9C14CB}.Release|Any CPU.ActiveCfg = Release|Any CPU
		{EFB56E4A-A426-4F26-BF5F-DB242B9C14CB}.Release|Any CPU.Build.0 = Release|Any CPU
	EndGlobalSection
	GlobalSection(SolutionProperties) = preSolution
		HideSolutionNode = FALSE
	EndGlobalSection
	GlobalSection(ExtensibilityGlobals) = postSolution
		SolutionGuid = {D249F84F-F52C-4CF8-84ED-7CFB65D93B28}
	EndGlobalSection
EndGlobal
